// !$*UTF8*$!
{
	archiveVersion = 1;
	classes = {
	};
	objectVersion = 56;
	objects = {

/* Begin PBXBuildFile section */
		A1000001000000000000001 /* SpaceExplorerApp.swift in Sources */ = {isa = PBXBuildFile; fileRef = A1000002000000000000001 /* SpaceExplorerApp.swift */; };
		A1000003000000000000001 /* ContentView.swift in Sources */ = {isa = PBXBuildFile; fileRef = A1000004000000000000001 /* ContentView.swift */; };
		A1000005000000000000001 /* HomeView.swift in Sources */ = {isa = PBXBuildFile; fileRef = A1000006000000000000001 /* HomeView.swift */; };
		A1000007000000000000001 /* MarsView.swift in Sources */ = {isa = PBXBuildFile; fileRef = A1000008000000000000001 /* MarsView.swift */; };
		A1000009000000000000001 /* SpaceLaunchView.swift in Sources */ = {isa = PBXBuildFile; fileRef = A1000010000000000000001 /* SpaceLaunchView.swift */; };
		A1000011000000000000001 /* SpacePicture.swift in Sources */ = {isa = PBXBuildFile; fileRef = A1000012000000000000001 /* SpacePicture.swift */; };
		A1000013000000000000001 /* MarsWeather.swift in Sources */ = {isa = PBXBuildFile; fileRef = A1000014000000000000001 /* MarsWeather.swift */; };
		A1000015000000000000001 /* SpaceLaunch.swift in Sources */ = {isa = PBXBuildFile; fileRef = A1000016000000000000001 /* SpaceLaunch.swift */; };
		A1000017000000000000001 /* Assets.xcassets in Resources */ = {isa = PBXBuildFile; fileRef = A1000018000000000000001 /* Assets.xcassets */; };
		A1000050000000000000001 /* SpacePictureTests.swift in Sources */ = {isa = PBXBuildFile; fileRef = A1000051000000000000001 /* SpacePictureTests.swift */; };
		A1000052000000000000001 /* MarsWeatherTests.swift in Sources */ = {isa = PBXBuildFile; fileRef = A1000053000000000000001 /* MarsWeatherTests.swift */; };
		A1000054000000000000001 /* SpaceLaunchTests.swift in Sources */ = {isa = PBXBuildFile; fileRef = A1000055000000000000001 /* SpaceLaunchTests.swift */; };
		A1000056000000000000001 /* HomeViewTests.swift in Sources */ = {isa = PBXBuildFile; fileRef = A1000057000000000000001 /* HomeViewTests.swift */; };
		A1000058000000000000001 /* MarsViewTests.swift in Sources */ = {isa = PBXBuildFile; fileRef = A1000059000000000000001 /* MarsViewTests.swift */; };
		A1000060000000000000001 /* SpaceLaunchViewTests.swift in Sources */ = {isa = PBXBuildFile; fileRef = A1000061000000000000001 /* SpaceLaunchViewTests.swift */; };
		A1000062000000000000001 /* ContentViewTests.swift in Sources */ = {isa = PBXBuildFile; fileRef = A1000063000000000000001 /* ContentViewTests.swift */; };
		A1000070000000000000001 /* SpaceExplorerUITests.swift in Sources */ = {isa = PBXBuildFile; fileRef = A1000071000000000000001 /* SpaceExplorerUITests.swift */; };
		A1116FEA17EAB54233AC8740 /* APIConfiguration.swift in Sources */ = {isa = PBXBuildFile; fileRef = A100183D55D51E41F6AD323B /* APIConfiguration.swift */; };
		A112BEAFAD946442CB9024D5 /* APODService.swift in Sources */ = {isa = PBXBuildFile; fileRef = A1769422A5584A4976AC36E2 /* APODService.swift */; };
		A12FA704D29916436DB24C9E /* InSightService.swift in Sources */ = {isa = PBXBuildFile; fileRef = A10ECA5F64E1D44F219D6502 /* InSightService.swift */; };
		A1A17E2DCAD5314166A138BB /* APODServiceTests.swift in Sources */ = {isa = PBXBuildFile; fileRef = A1BB6A1E14558945D39D1152 /* APODServiceTests.swift */; };
		A143701460BCBE4202B66A1D /* InSightServiceTests.swift in Sources */ = {isa = PBXBuildFile; fileRef = A12BB6B529AE444FA1A2F038 /* InSightServiceTests.swift */; };
/* End PBXBuildFile section */

/* Begin PBXContainerItemProxy section */
		A1000040000000000000001 /* PBXContainerItemProxy */ = {
			isa = PBXContainerItemProxy;
			containerPortal = A1000029000000000000001 /* Project object */;
			proxyType = 1;
			remoteGlobalIDString = A1000025000000000000001;
			remoteInfo = SpaceExplorer;
		};
		A1000041000000000000001 /* PBXContainerItemProxy */ = {
			isa = PBXContainerItemProxy;
			containerPortal = A1000029000000000000001 /* Project object */;
			proxyType = 1;
			remoteGlobalIDString = A1000025000000000000001;
			remoteInfo = SpaceExplorer;
		};
/* End PBXContainerItemProxy section */

/* Begin PBXFileReference section */
		A1000000000000000000001 /* SpaceExplorer.app */ = {isa = PBXFileReference; explicitFileType = wrapper.application; includeInIndex = 0; path = SpaceExplorer.app; sourceTree = BUILT_PRODUCTS_DIR; };
		A1000002000000000000001 /* SpaceExplorerApp.swift */ = {isa = PBXFileReference; lastKnownFileType = sourcecode.swift; path = SpaceExplorerApp.swift; sourceTree = "<group>"; };
		A1000004000000000000001 /* ContentView.swift */ = {isa = PBXFileReference; lastKnownFileType = sourcecode.swift; path = ContentView.swift; sourceTree = "<group>"; };
		A1000006000000000000001 /* HomeView.swift */ = {isa = PBXFileReference; lastKnownFileType = sourcecode.swift; path = HomeView.swift; sourceTree = "<group>"; };
		A1000008000000000000001 /* MarsView.swift */ = {isa = PBXFileReference; lastKnownFileType = sourcecode.swift; path = MarsView.swift; sourceTree = "<group>"; };
		A1000010000000000000001 /* SpaceLaunchView.swift */ = {isa = PBXFileReference; lastKnownFileType = sourcecode.swift; path = SpaceLaunchView.swift; sourceTree = "<group>"; };
		A1000012000000000000001 /* SpacePicture.swift */ = {isa = PBXFileReference; lastKnownFileType = sourcecode.swift; path = SpacePicture.swift; sourceTree = "<group>"; };
		A1000014000000000000001 /* MarsWeather.swift */ = {isa = PBXFileReference; lastKnownFileType = sourcecode.swift; path = MarsWeather.swift; sourceTree = "<group>"; };
		A1000016000000000000001 /* SpaceLaunch.swift */ = {isa = PBXFileReference; lastKnownFileType = sourcecode.swift; path = SpaceLaunch.swift; sourceTree = "<group>"; };
		A1000018000000000000001 /* Assets.xcassets */ = {isa = PBXFileReference; lastKnownFileType = folder.assetcatalog; path = Assets.xcassets; sourceTree = "<group>"; };
		A1000035000000000000001 /* SpaceExplorerTests.xctest */ = {isa = PBXFileReference; explicitFileType = wrapper.cfbundle; includeInIndex = 0; path = SpaceExplorerTests.xctest; sourceTree = BUILT_PRODUCTS_DIR; };
		A1000051000000000000001 /* SpacePictureTests.swift */ = {isa = PBXFileReference; lastKnownFileType = sourcecode.swift; path = SpacePictureTests.swift; sourceTree = "<group>"; };
		A1000053000000000000001 /* MarsWeatherTests.swift */ = {isa = PBXFileReference; lastKnownFileType = sourcecode.swift; path = MarsWeatherTests.swift; sourceTree = "<group>"; };
		A1000055000000000000001 /* SpaceLaunchTests.swift */ = {isa = PBXFileReference; lastKnownFileType = sourcecode.swift; path = SpaceLaunchTests.swift; sourceTree = "<group>"; };
		A1000057000000000000001 /* HomeViewTests.swift */ = {isa = PBXFileReference; lastKnownFileType = sourcecode.swift; path = HomeViewTests.swift; sourceTree = "<group>"; };
		A1000059000000000000001 /* MarsViewTests.swift */ = {isa = PBXFileReference; lastKnownFileType = sourcecode.swift; path = MarsViewTests.swift; sourceTree = "<group>"; };
		A1000061000000000000001 /* SpaceLaunchViewTests.swift */ = {isa = PBXFileReference; lastKnownFileType = sourcecode.swift; path = SpaceLaunchViewTests.swift; sourceTree = "<group>"; };
		A1000063000000000000001 /* ContentViewTests.swift */ = {isa = PBXFileReference; lastKnownFileType = sourcecode.swift; path = ContentViewTests.swift; sourceTree = "<group>"; };
		A1000065000000000000001 /* SpaceExplorerUITests.xctest */ = {isa = PBXFileReference; explicitFileType = wrapper.cfbundle; includeInIndex = 0; path = SpaceExplorerUITests.xctest; sourceTree = BUILT_PRODUCTS_DIR; };
		A1000071000000000000001 /* SpaceExplorerUITests.swift */ = {isa = PBXFileReference; lastKnownFileType = sourcecode.swift; path = SpaceExplorerUITests.swift; sourceTree = "<group>"; };
		A100183D55D51E41F6AD323B /* APIConfiguration.swift */ = {isa = PBXFileReference; lastKnownFileType = sourcecode.swift; path = APIConfiguration.swift; sourceTree = "<group>"; };
		A1769422A5584A4976AC36E2 /* APODService.swift */ = {isa = PBXFileReference; lastKnownFileType = sourcecode.swift; path = APODService.swift; sourceTree = "<group>"; };
		A10ECA5F64E1D44F219D6502 /* InSightService.swift */ = {isa = PBXFileReference; lastKnownFileType = sourcecode.swift; path = InSightService.swift; sourceTree = "<group>"; };
		A1BB6A1E14558945D39D1152 /* APODServiceTests.swift */ = {isa = PBXFileReference; lastKnownFileType = sourcecode.swift; path = APODServiceTests.swift; sourceTree = "<group>"; };
		A12BB6B529AE444FA1A2F038 /* InSightServiceTests.swift */ = {isa = PBXFileReference; lastKnownFileType = sourcecode.swift; path = InSightServiceTests.swift; sourceTree = "<group>"; };
/* End PBXFileReference section */

/* Begin PBXFrameworksBuildPhase section */
		A1000019000000000000001 /* Frameworks */ = {
			isa = PBXFrameworksBuildPhase;
			buildActionMask = 2147483647;
			files = (
			);
			runOnlyForDeploymentPostprocessing = 0;
		};
		A1000036000000000000001 /* Frameworks */ = {
			isa = PBXFrameworksBuildPhase;
			buildActionMask = 2147483647;
			files = (
			);
			runOnlyForDeploymentPostprocessing = 0;
		};
		A1000066000000000000001 /* Frameworks */ = {
			isa = PBXFrameworksBuildPhase;
			buildActionMask = 2147483647;
			files = (
			);
			runOnlyForDeploymentPostprocessing = 0;
		};
/* End PBXFrameworksBuildPhase section */

/* Begin PBXGroup section */
		A1000020000000000000001 = {
			isa = PBXGroup;
			children = (
				A1000021000000000000001 /* SpaceExplorer */,
				A1000037000000000000001 /* SpaceExplorerTests */,
				A1000067000000000000001 /* SpaceExplorerUITests */,
				A1000022000000000000001 /* Products */,
			);
			sourceTree = "<group>";
		};
		A1000021000000000000001 /* SpaceExplorer */ = {
			isa = PBXGroup;
			children = (
				A1000002000000000000001 /* SpaceExplorerApp.swift */,
				A1000004000000000000001 /* ContentView.swift */,
				A1000023000000000000001 /* Views */,
				A1000024000000000000001 /* Models */,
				A1000018000000000000001 /* Assets.xcassets */,
							A104CE2D2C70804F9D949A56 /* Services */,
);
			path = SpaceExplorer;
			sourceTree = "<group>";
		};
		A1000022000000000000001 /* Products */ = {
			isa = PBXGroup;
			children = (
				A1000000000000000000001 /* SpaceExplorer.app */,
				A1000035000000000000001 /* SpaceExplorerTests.xctest */,
				A1000065000000000000001 /* SpaceExplorerUITests.xctest */,
			);
			name = Products;
			sourceTree = "<group>";
		};
		A1000023000000000000001 /* Views */ = {
			isa = PBXGroup;
			children = (
				A1000006000000000000001 /* HomeView.swift */,
				A1000008000000000000001 /* MarsView.swift */,
				A1000010000000000000001 /* SpaceLaunchView.swift */,
			);
			path = Views;
			sourceTree = "<group>";
		};
		A1000024000000000000001 /* Models */ = {
			isa = PBXGroup;
			children = (
				A1000012000000000000001 /* SpacePicture.swift */,
				A1000014000000000000001 /* MarsWeather.swift */,
				A1000016000000000000001 /* SpaceLaunch.swift */,
			);
			path = Models;
			sourceTree = "<group>";
		};
		A1000037000000000000001 /* SpaceExplorerTests */ = {
			isa = PBXGroup;
			children = (
				A1000051000000000000001 /* SpacePictureTests.swift */,
				A1000053000000000000001 /* MarsWeatherTests.swift */,
				A1000055000000000000001 /* SpaceLaunchTests.swift */,
				A1000057000000000000001 /* HomeViewTests.swift */,
				A1000059000000000000001 /* MarsViewTests.swift */,
				A1000061000000000000001 /* SpaceLaunchViewTests.swift */,
				A1000063000000000000001 /* ContentViewTests.swift */,
							A1BB6A1E14558945D39D1152 /* APODServiceTests.swift */,
				A12BB6B529AE444FA1A2F038 /* InSightServiceTests.swift */,
);
			path = SpaceExplorerTests;
			sourceTree = "<group>";
		};
		A1000067000000000000001 /* SpaceExplorerUITests */ = {
			isa = PBXGroup;
			children = (
				A1000071000000000000001 /* SpaceExplorerUITests.swift */,
			);
			path = SpaceExplorerUITests;
			sourceTree = "<group>";
		};
		A104CE2D2C70804F9D949A56 /* Services */ = {
			isa = PBXGroup;
			children = (
				A100183D55D51E41F6AD323B /* APIConfiguration.swift */,
				A1769422A5584A4976AC36E2 /* APODService.swift */,
				A10ECA5F64E1D44F219D6502 /* InSightService.swift */,
			);
			path = Services;
			sourceTree = "<group>";
		};
/* End PBXGroup section */

/* Begin PBXNativeTarget section */
		A1000025000000000000001 /* SpaceExplorer */ = {
			isa = PBXNativeTarget;
			buildConfigurationList = A1000026000000000000001 /* Build configuration list for PBXNativeTarget "SpaceExplorer" */;
			buildPhases = (
				A1000027000000000000001 /* Sources */,
				A1000019000000000000001 /* Frameworks */,
				A1000028000000000000001 /* Resources */,
			);
			buildRules = (
			);
			dependencies = (
			);
			name = SpaceExplorer;
			productName = SpaceExplorer;
			productReference = A1000000000000000000001 /* SpaceExplorer.app */;
			productType = "com.apple.product-type.application";
		};
		A1000038000000000000001 /* SpaceExplorerTests */ = {
			isa = PBXNativeTarget;
			buildConfigurationList = A1000039000000000000001 /* Build configuration list for PBXNativeTarget "SpaceExplorerTests" */;
			buildPhases = (
				A1000042000000000000001 /* Sources */,
				A1000036000000000000001 /* Frameworks */,
				A1000043000000000000001 /* Resources */,
			);
			buildRules = (
			);
			dependencies = (
				A1000044000000000000001 /* PBXTargetDependency */,
			);
			name = SpaceExplorerTests;
			productName = SpaceExplorerTests;
			productReference = A1000035000000000000001 /* SpaceExplorerTests.xctest */;
			productType = "com.apple.product-type.bundle.unit-test";
		};
		A1000068000000000000001 /* SpaceExplorerUITests */ = {
			isa = PBXNativeTarget;
			buildConfigurationList = A1000069000000000000001 /* Build configuration list for PBXNativeTarget "SpaceExplorerUITests" */;
			buildPhases = (
				A1000072000000000000001 /* Sources */,
				A1000066000000000000001 /* Frameworks */,
				A1000073000000000000001 /* Resources */,
			);
			buildRules = (
			);
			dependencies = (
				A1000074000000000000001 /* PBXTargetDependency */,
			);
			name = SpaceExplorerUITests;
			productName = SpaceExplorerUITests;
			productReference = A1000065000000000000001 /* SpaceExplorerUITests.xctest */;
			productType = "com.apple.product-type.bundle.ui-testing";
		};
/* End PBXNativeTarget section */

/* Begin PBXProject section */
		A1000029000000000000001 /* Project object */ = {
			isa = PBXProject;
			attributes = {
				BuildIndependentTargetsInParallel = 1;
				LastSwiftUpdateCheck = 1500;
				LastUpgradeCheck = 1500;
				TargetAttributes = {
					A1000025000000000000001 = {
						CreatedOnToolsVersion = 15.0;
					};
					A1000038000000000000001 = {
						CreatedOnToolsVersion = 15.0;
						TestTargetID = A1000025000000000000001;
					};
					A1000068000000000000001 = {
						CreatedOnToolsVersion = 15.0;
						TestTargetID = A1000025000000000000001;
					};
				};
			};
			buildConfigurationList = A1000030000000000000001 /* Build configuration list for PBXProject "SpaceExplorer" */;
			compatibilityVersion = "Xcode 14.0";
			developmentRegion = en;
			hasScannedForEncodings = 0;
			knownRegions = (
				en,
				Base,
			);
			mainGroup = A1000020000000000000001;
			productRefGroup = A1000022000000000000001 /* Products */;
			projectDirPath = "";
			projectRoot = "";
			targets = (
				A1000025000000000000001 /* SpaceExplorer */,
				A1000038000000000000001 /* SpaceExplorerTests */,
				A1000068000000000000001 /* SpaceExplorerUITests */,
			);
		};
/* End PBXProject section */

/* Begin PBXResourcesBuildPhase section */
		A1000028000000000000001 /* Resources */ = {
			isa = PBXResourcesBuildPhase;
			buildActionMask = 2147483647;
			files = (
				A1000017000000000000001 /* Assets.xcassets in Resources */,
			);
			runOnlyForDeploymentPostprocessing = 0;
		};
		A1000043000000000000001 /* Resources */ = {
			isa = PBXResourcesBuildPhase;
			buildActionMask = 2147483647;
			files = (
			);
			runOnlyForDeploymentPostprocessing = 0;
		};
		A1000073000000000000001 /* Resources */ = {
			isa = PBXResourcesBuildPhase;
			buildActionMask = 2147483647;
			files = (
			);
			runOnlyForDeploymentPostprocessing = 0;
		};
/* End PBXResourcesBuildPhase section */

/* Begin PBXSourcesBuildPhase section */
		A1000027000000000000001 /* Sources */ = {
			isa = PBXSourcesBuildPhase;
			buildActionMask = 2147483647;
			files = (
				A1000001000000000000001 /* SpaceExplorerApp.swift in Sources */,
				A1000003000000000000001 /* ContentView.swift in Sources */,
				A1000005000000000000001 /* HomeView.swift in Sources */,
				A1000007000000000000001 /* MarsView.swift in Sources */,
				A1000009000000000000001 /* SpaceLaunchView.swift in Sources */,
				A1000011000000000000001 /* SpacePicture.swift in Sources */,
				A1000013000000000000001 /* MarsWeather.swift in Sources */,
				A1000015000000000000001 /* SpaceLaunch.swift in Sources */,
			);
			runOnlyForDeploymentPostprocessing = 0;
		};
		A1000042000000000000001 /* Sources */ = {
			isa = PBXSourcesBuildPhase;
			buildActionMask = 2147483647;
			files = (
				A1000050000000000000001 /* SpacePictureTests.swift in Sources */,
				A1000052000000000000001 /* MarsWeatherTests.swift in Sources */,
				A1000054000000000000001 /* SpaceLaunchTests.swift in Sources */,
				A1000056000000000000001 /* HomeViewTests.swift in Sources */,
				A1000058000000000000001 /* MarsViewTests.swift in Sources */,
				A1000060000000000000001 /* SpaceLaunchViewTests.swift in Sources */,
				A1000062000000000000001 /* ContentViewTests.swift in Sources */,
			);
			runOnlyForDeploymentPostprocessing = 0;
		};
		A1000072000000000000001 /* Sources */ = {
			isa = PBXSourcesBuildPhase;
			buildActionMask = 2147483647;
			files = (
				A1000070000000000000001 /* SpaceExplorerUITests.swift in Sources */,
			);
			runOnlyForDeploymentPostprocessing = 0;
		};
/* End PBXSourcesBuildPhase section */

/* Begin PBXTargetDependency section */
		A1000044000000000000001 /* PBXTargetDependency */ = {
			isa = PBXTargetDependency;
			target = A1000025000000000000001 /* SpaceExplorer */;
			targetProxy = A1000040000000000000001 /* PBXContainerItemProxy */;
		};
		A1000074000000000000001 /* PBXTargetDependency */ = {
			isa = PBXTargetDependency;
			target = A1000025000000000000001 /* SpaceExplorer */;
			targetProxy = A1000041000000000000001 /* PBXContainerItemProxy */;
		};
/* End PBXTargetDependency section */

/* Begin XCBuildConfiguration section */
		A1000031000000000000001 /* Debug */ = {
			isa = XCBuildConfiguration;
			buildSettings = {
				ALWAYS_SEARCH_USER_PATHS = NO;
				ASSETCATALOG_COMPILER_GENERATE_SWIFT_ASSET_SYMBOL_EXTENSIONS = YES;
				CLANG_ANALYZER_NONNULL = YES;
				CLANG_ANALYZER_NUMBER_OBJECT_CONVERSION = YES_AGGRESSIVE;
				CLANG_CXX_LANGUAGE_STANDARD = "gnu++20";
				CLANG_ENABLE_MODULES = YES;
				CLANG_ENABLE_OBJC_ARC = YES;
				CLANG_ENABLE_OBJC_WEAK = YES;
				CLANG_WARN_BLOCK_CAPTURE_AUTORELEASING = YES;
				CLANG_WARN_BOOL_CONVERSION = YES;
				CLANG_WARN_COMMA = YES;
				CLANG_WARN_CONSTANT_CONVERSION = YES;
				CLANG_WARN_DEPRECATED_OBJC_IMPLEMENTATIONS = YES;
				CLANG_WARN_DIRECT_OBJC_ISA_USAGE = YES_ERROR;
				CLANG_WARN_DOCUMENTATION_COMMENTS = YES;
				CLANG_WARN_EMPTY_BODY = YES;
				CLANG_WARN_ENUM_CONVERSION = YES;
				CLANG_WARN_INFINITE_RECURSION = YES;
				CLANG_WARN_INT_CONVERSION = YES;
				CLANG_WARN_NON_LITERAL_NULL_CONVERSION = YES;
				CLANG_WARN_OBJC_IMPLICIT_RETAIN_SELF = YES;
				CLANG_WARN_OBJC_LITERAL_CONVERSION = YES;
				CLANG_WARN_OBJC_ROOT_CLASS = YES_ERROR;
				CLANG_WARN_QUOTED_INCLUDE_IN_FRAMEWORK_HEADER = YES;
				CLANG_WARN_RANGE_LOOP_ANALYSIS = YES;
				CLANG_WARN_STRICT_PROTOTYPES = YES;
				CLANG_WARN_SUSPICIOUS_MOVE = YES;
				CLANG_WARN_UNGUARDED_AVAILABILITY = YES_AGGRESSIVE;
				CLANG_WARN_UNREACHABLE_CODE = YES;
				CLANG_WARN__DUPLICATE_METHOD_MATCH = YES;
				COPY_PHASE_STRIP = NO;
				DEBUG_INFORMATION_FORMAT = dwarf;
				ENABLE_STRICT_OBJC_MSGSEND = YES;
				ENABLE_TESTABILITY = YES;
				ENABLE_USER_SCRIPT_SANDBOXING = YES;
				GCC_C_LANGUAGE_STANDARD = gnu17;
				GCC_DYNAMIC_NO_PIC = NO;
				GCC_NO_COMMON_BLOCKS = YES;
				GCC_OPTIMIZATION_LEVEL = 0;
				GCC_PREPROCESSOR_DEFINITIONS = (
					"DEBUG=1",
					"$(inherited)",
				);
				GCC_WARN_64_TO_32_BIT_CONVERSION = YES;
				GCC_WARN_ABOUT_RETURN_TYPE = YES_ERROR;
				GCC_WARN_UNDECLARED_SELECTOR = YES;
				GCC_WARN_UNINITIALIZED_AUTOS = YES_AGGRESSIVE;
				GCC_WARN_UNUSED_FUNCTION = YES;
				GCC_WARN_UNUSED_VARIABLE = YES;
				IPHONEOS_DEPLOYMENT_TARGET = 16.0;
				LOCALIZATION_PREFERS_STRING_CATALOGS = YES;
				MTL_ENABLE_DEBUG_INFO = INCLUDE_SOURCE;
				MTL_FAST_MATH = YES;
				ONLY_ACTIVE_ARCH = YES;
				SDKROOT = iphoneos;
				SWIFT_ACTIVE_COMPILATION_CONDITIONS = "DEBUG $(inherited)";
				SWIFT_OPTIMIZATION_LEVEL = "-Onone";
			};
			name = Debug;
		};
		A1000032000000000000001 /* Release */ = {
			isa = XCBuildConfiguration;
			buildSettings = {
				ALWAYS_SEARCH_USER_PATHS = NO;
				ASSETCATALOG_COMPILER_GENERATE_SWIFT_ASSET_SYMBOL_EXTENSIONS = YES;
				CLANG_ANALYZER_NONNULL = YES;
				CLANG_ANALYZER_NUMBER_OBJECT_CONVERSION = YES_AGGRESSIVE;
				CLANG_CXX_LANGUAGE_STANDARD = "gnu++20";
				CLANG_ENABLE_MODULES = YES;
				CLANG_ENABLE_OBJC_ARC = YES;
				CLANG_ENABLE_OBJC_WEAK = YES;
				CLANG_WARN_BLOCK_CAPTURE_AUTORELEASING = YES;
				CLANG_WARN_BOOL_CONVERSION = YES;
				CLANG_WARN_COMMA = YES;
				CLANG_WARN_CONSTANT_CONVERSION = YES;
				CLANG_WARN_DEPRECATED_OBJC_IMPLEMENTATIONS = YES;
				CLANG_WARN_DIRECT_OBJC_ISA_USAGE = YES_ERROR;
				CLANG_WARN_DOCUMENTATION_COMMENTS = YES;
				CLANG_WARN_EMPTY_BODY = YES;
				CLANG_WARN_ENUM_CONVERSION = YES;
				CLANG_WARN_INFINITE_RECURSION = YES;
				CLANG_WARN_INT_CONVERSION = YES;
				CLANG_WARN_NON_LITERAL_NULL_CONVERSION = YES;
				CLANG_WARN_OBJC_IMPLICIT_RETAIN_SELF = YES;
				CLANG_WARN_OBJC_LITERAL_CONVERSION = YES;
				CLANG_WARN_OBJC_ROOT_CLASS = YES_ERROR;
				CLANG_WARN_QUOTED_INCLUDE_IN_FRAMEWORK_HEADER = YES;
				CLANG_WARN_RANGE_LOOP_ANALYSIS = YES;
				CLANG_WARN_STRICT_PROTOTYPES = YES;
				CLANG_WARN_SUSPICIOUS_MOVE = YES;
				CLANG_WARN_UNGUARDED_AVAILABILITY = YES_AGGRESSIVE;
				CLANG_WARN_UNREACHABLE_CODE = YES;
				CLANG_WARN__DUPLICATE_METHOD_MATCH = YES;
				COPY_PHASE_STRIP = NO;
				DEBUG_INFORMATION_FORMAT = "dwarf-with-dsym";
				ENABLE_NS_ASSERTIONS = NO;
				ENABLE_STRICT_OBJC_MSGSEND = YES;
				ENABLE_USER_SCRIPT_SANDBOXING = YES;
				GCC_C_LANGUAGE_STANDARD = gnu17;
				GCC_NO_COMMON_BLOCKS = YES;
				GCC_WARN_64_TO_32_BIT_CONVERSION = YES;
				GCC_WARN_ABOUT_RETURN_TYPE = YES_ERROR;
				GCC_WARN_UNDECLARED_SELECTOR = YES;
				GCC_WARN_UNINITIALIZED_AUTOS = YES_AGGRESSIVE;
				GCC_WARN_UNUSED_FUNCTION = YES;
				GCC_WARN_UNUSED_VARIABLE = YES;
				IPHONEOS_DEPLOYMENT_TARGET = 16.0;
				LOCALIZATION_PREFERS_STRING_CATALOGS = YES;
				MTL_ENABLE_DEBUG_INFO = NO;
				MTL_FAST_MATH = YES;
				SDKROOT = iphoneos;
				SWIFT_COMPILATION_MODE = wholemodule;
				VALIDATE_PRODUCT = YES;
			};
			name = Release;
		};
		A1000033000000000000001 /* Debug */ = {
			isa = XCBuildConfiguration;
			buildSettings = {
				ASSETCATALOG_COMPILER_APPICON_NAME = AppIcon;
				ASSETCATALOG_COMPILER_GLOBAL_ACCENT_COLOR_NAME = AccentColor;
				CODE_SIGN_STYLE = Automatic;
				CURRENT_PROJECT_VERSION = 1;
				DEVELOPMENT_TEAM = "";
				ENABLE_PREVIEWS = YES;
				GENERATE_INFOPLIST_FILE = YES;
				INFOPLIST_KEY_UIApplicationSceneManifest_Generation = YES;
				INFOPLIST_KEY_UIApplicationSupportsIndirectInputEvents = YES;
				INFOPLIST_KEY_UILaunchScreen_Generation = YES;
				INFOPLIST_KEY_UISupportedInterfaceOrientations_iPad = "UIInterfaceOrientationPortrait UIInterfaceOrientationPortraitUpsideDown UIInterfaceOrientationLandscapeLeft UIInterfaceOrientationLandscapeRight";
				INFOPLIST_KEY_UISupportedInterfaceOrientations_iPhone = "UIInterfaceOrientationPortrait UIInterfaceOrientationLandscapeLeft UIInterfaceOrientationLandscapeRight";
				LD_RUNPATH_SEARCH_PATHS = (
					"$(inherited)",
					"@executable_path/Frameworks",
				);
				MARKETING_VERSION = 1.0;
				PRODUCT_BUNDLE_IDENTIFIER = com.spaceexplorer.SpaceExplorer;
				PRODUCT_NAME = "$(TARGET_NAME)";
				SWIFT_EMIT_LOC_STRINGS = YES;
				SWIFT_VERSION = 5.0;
				TARGETED_DEVICE_FAMILY = "1,2";
			};
			name = Debug;
		};
		A1000034000000000000001 /* Release */ = {
			isa = XCBuildConfiguration;
			buildSettings = {
				ASSETCATALOG_COMPILER_APPICON_NAME = AppIcon;
				ASSETCATALOG_COMPILER_GLOBAL_ACCENT_COLOR_NAME = AccentColor;
				CODE_SIGN_STYLE = Automatic;
				CURRENT_PROJECT_VERSION = 1;
				DEVELOPMENT_TEAM = "";
				ENABLE_PREVIEWS = YES;
				GENERATE_INFOPLIST_FILE = YES;
				INFOPLIST_KEY_UIApplicationSceneManifest_Generation = YES;
				INFOPLIST_KEY_UIApplicationSupportsIndirectInputEvents = YES;
				INFOPLIST_KEY_UILaunchScreen_Generation = YES;
				INFOPLIST_KEY_UISupportedInterfaceOrientations_iPad = "UIInterfaceOrientationPortrait UIInterfaceOrientationPortraitUpsideDown UIInterfaceOrientationLandscapeLeft UIInterfaceOrientationLandscapeRight";
				INFOPLIST_KEY_UISupportedInterfaceOrientations_iPhone = "UIInterfaceOrientationPortrait UIInterfaceOrientationLandscapeLeft UIInterfaceOrientationLandscapeRight";
				LD_RUNPATH_SEARCH_PATHS = (
					"$(inherited)",
					"@executable_path/Frameworks",
				);
				MARKETING_VERSION = 1.0;
				PRODUCT_BUNDLE_IDENTIFIER = com.spaceexplorer.SpaceExplorer;
				PRODUCT_NAME = "$(TARGET_NAME)";
				SWIFT_EMIT_LOC_STRINGS = YES;
				SWIFT_VERSION = 5.0;
				TARGETED_DEVICE_FAMILY = "1,2";
			};
			name = Release;
		};
		A1000045000000000000001 /* Debug */ = {
			isa = XCBuildConfiguration;
			buildSettings = {
				BUNDLE_LOADER = "$(TEST_HOST)";
				CODE_SIGN_STYLE = Automatic;
				CURRENT_PROJECT_VERSION = 1;
				GENERATE_INFOPLIST_FILE = YES;
				IPHONEOS_DEPLOYMENT_TARGET = 16.0;
				MARKETING_VERSION = 1.0;
				PRODUCT_BUNDLE_IDENTIFIER = com.spaceexplorer.SpaceExplorerTests;
				PRODUCT_NAME = "$(TARGET_NAME)";
				SWIFT_EMIT_LOC_STRINGS = NO;
				SWIFT_VERSION = 5.0;
				TARGETED_DEVICE_FAMILY = "1,2";
				TEST_HOST = "$(BUILT_PRODUCTS_DIR)/SpaceExplorer.app/$(BUNDLE_EXECUTABLE_FOLDER_PATH)/SpaceExplorer";
			};
			name = Debug;
		};
		A1000046000000000000001 /* Release */ = {
			isa = XCBuildConfiguration;
			buildSettings = {
				BUNDLE_LOADER = "$(TEST_HOST)";
				CODE_SIGN_STYLE = Automatic;
				CURRENT_PROJECT_VERSION = 1;
				GENERATE_INFOPLIST_FILE = YES;
				IPHONEOS_DEPLOYMENT_TARGET = 16.0;
				MARKETING_VERSION = 1.0;
				PRODUCT_BUNDLE_IDENTIFIER = com.spaceexplorer.SpaceExplorerTests;
				PRODUCT_NAME = "$(TARGET_NAME)";
				SWIFT_EMIT_LOC_STRINGS = NO;
				SWIFT_VERSION = 5.0;
				TARGETED_DEVICE_FAMILY = "1,2";
				TEST_HOST = "$(BUILT_PRODUCTS_DIR)/SpaceExplorer.app/$(BUNDLE_EXECUTABLE_FOLDER_PATH)/SpaceExplorer";
			};
			name = Release;
		};
		A1000075000000000000001 /* Debug */ = {
			isa = XCBuildConfiguration;
			buildSettings = {
				CODE_SIGN_STYLE = Automatic;
				CURRENT_PROJECT_VERSION = 1;
				GENERATE_INFOPLIST_FILE = YES;
				IPHONEOS_DEPLOYMENT_TARGET = 16.0;
				MARKETING_VERSION = 1.0;
				PRODUCT_BUNDLE_IDENTIFIER = com.spaceexplorer.SpaceExplorerUITests;
				PRODUCT_NAME = "$(TARGET_NAME)";
				SWIFT_EMIT_LOC_STRINGS = NO;
				SWIFT_VERSION = 5.0;
				TARGETED_DEVICE_FAMILY = "1,2";
				TEST_TARGET_NAME = SpaceExplorer;
			};
			name = Debug;
		};
		A1000076000000000000001 /* Release */ = {
			isa = XCBuildConfiguration;
			buildSettings = {
				CODE_SIGN_STYLE = Automatic;
				CURRENT_PROJECT_VERSION = 1;
				GENERATE_INFOPLIST_FILE = YES;
				IPHONEOS_DEPLOYMENT_TARGET = 16.0;
				MARKETING_VERSION = 1.0;
				PRODUCT_BUNDLE_IDENTIFIER = com.spaceexplorer.SpaceExplorerUITests;
				PRODUCT_NAME = "$(TARGET_NAME)";
				SWIFT_EMIT_LOC_STRINGS = NO;
				SWIFT_VERSION = 5.0;
				TARGETED_DEVICE_FAMILY = "1,2";
				TEST_TARGET_NAME = SpaceExplorer;
			};
			name = Release;
		};
/* End XCBuildConfiguration section */

/* Begin XCConfigurationList section */
		A1000026000000000000001 /* Build configuration list for PBXNativeTarget "SpaceExplorer" */ = {
			isa = XCConfigurationList;
			buildConfigurations = (
				A1000033000000000000001 /* Debug */,
				A1000034000000000000001 /* Release */,
			);
			defaultConfigurationIsVisible = 0;
			defaultConfigurationName = Release;
		};
		A1000030000000000000001 /* Build configuration list for PBXProject "SpaceExplorer" */ = {
			isa = XCConfigurationList;
			buildConfigurations = (
				A1000031000000000000001 /* Debug */,
				A1000032000000000000001 /* Release */,
			);
			defaultConfigurationIsVisible = 0;
			defaultConfigurationName = Release;
		};
		A1000039000000000000001 /* Build configuration list for PBXNativeTarget "SpaceExplorerTests" */ = {
			isa = XCConfigurationList;
			buildConfigurations = (
				A1000045000000000000001 /* Debug */,
				A1000046000000000000001 /* Release */,
			);
			defaultConfigurationIsVisible = 0;
			defaultConfigurationName = Release;
		};
		A1000069000000000000001 /* Build configuration list for PBXNativeTarget "SpaceExplorerUITests" */ = {
			isa = XCConfigurationList;
			buildConfigurations = (
				A1000075000000000000001 /* Debug */,
				A1000076000000000000001 /* Release */,
			);
			defaultConfigurationIsVisible = 0;
			defaultConfigurationName = Release;
		};
/* End XCConfigurationList section */
	};
	rootObject = A1000029000000000000001 /* Project object */;
}
